<Solution>
  <Configurations>
    <Platform Name="x64" />
    <Platform Name="x86" />
  </Configurations>
  <Folder Name="/Samples/">
    <Project Path="Samples/KeymapMod/KeymapMod.vcxproj" Id="19f4f057-ec1c-402a-a9ea-ad3d9625647c" />
  </Folder>
  <Project Path="LightAPI3/LightAPI3.vcxproj" Id="45578550-12a8-438c-9553-ade9c4fa426e" />
  <Project Path="LightUt/LightUt.vcxproj" Id="2804ff84-ce6f-41df-a784-6957cc518c81" />
</Solution>
